
Microsoft Visual Studio Solution File, Format Version 12.00
# Visual Studio 15
VisualStudioVersion = 15.0.27004.2005
MinimumVisualStudioVersion = 10.0.40219.1
Project("{8BC9CEB8-8B4A-11D0-8D11-00A0C91BC942}") = "MyString", "MyString\MyString.vcxproj", "{8E87FB08-AC89-426F-A7AD-652F11B5B3AD}"
EndProject
Global
	GlobalSection(SolutionConfigurationPlatforms) = preSolution
		Debug|x64 = Debug|x64
		Debug|x86 = Debug|x86
		Release|x64 = Release|x64
		Release|x86 = Release|x86
	EndGlobalSection
	GlobalSection(ProjectConfigurationPlatforms) = postSolution
		{8E87FB08-AC89-426F-A7AD-652F11B5B3AD}.Debug|x64.ActiveCfg = Debug|x64
		{8E87FB08-AC89-426F-A7AD-652F11B5B3AD}.Debug|x64.Build.0 = Debug|x64
		{8E87FB08-AC89-426F-A7AD-652F11B5B3AD}.Debug|x86.ActiveCfg = Debug|Win32
		{8E87FB08-AC89-426F-A7AD-652F11B5B3AD}.Debug|x86.Build.0 = Debug|Win32
		{8E87FB08-AC89-426F-A7AD-652F11B5B3AD}.Release|x64.ActiveCfg = Release|x64
		{8E87FB08-AC89-426F-A7AD-652F11B5B3AD}.Release|x64.Build.0 = Release|x64
		{8E87FB08-AC89-426F-A7AD-652F11B5B3AD}.Release|x86.ActiveCfg = Release|Win32
		{8E87FB08-AC89-426F-A7AD-652F11B5B3AD}.Release|x86.Build.0 = Release|Win32
	EndGlobalSection
	GlobalSection(SolutionProperties) = preSolution
		HideSolutionNode = FALSE
	EndGlobalSection
	GlobalSection(ExtensibilityGlobals) = postSolution
		SolutionGuid = {474A33F1-35CC-41AE-A4F1-2B7C87E21940}
	EndGlobalSection
EndGlobal
