
Microsoft Visual Studio Solution File, Format Version 12.00
# Visual Studio 15
VisualStudioVersion = 15.0.27004.2005
MinimumVisualStudioVersion = 10.0.40219.1
Project("{FAE04EC0-301F-11D3-BF4B-00C04F79EFBC}") = "string_1_b", "string_1_b\string_1_b.csproj", "{47C1DC89-DDD7-46F9-B0CD-BBBD84DBF430}"
EndProject
Global
	GlobalSection(SolutionConfigurationPlatforms) = preSolution
		Debug|Any CPU = Debug|Any CPU
		Release|Any CPU = Release|Any CPU
	EndGlobalSection
	GlobalSection(ProjectConfigurationPlatforms) = postSolution
		{47C1DC89-DDD7-46F9-B0CD-BBBD84DBF430}.Debug|Any CPU.ActiveCfg = Debug|Any CPU
		{47C1DC89-DDD7-46F9-B0CD-BBBD84DBF430}.Debug|Any CPU.Build.0 = Debug|Any CPU
		{47C1DC89-DDD7-46F9-B0CD-BBBD84DBF430}.Release|Any CPU.ActiveCfg = Release|Any CPU
		{47C1DC89-DDD7-46F9-B0CD-BBBD84DBF430}.Release|Any CPU.Build.0 = Release|Any CPU
	EndGlobalSection
	GlobalSection(SolutionProperties) = preSolution
		HideSolutionNode = FALSE
	EndGlobalSection
	GlobalSection(ExtensibilityGlobals) = postSolution
		SolutionGuid = {0002C56B-2FAC-412F-8CEA-A580E46B3610}
	EndGlobalSection
EndGlobal
