
Microsoft Visual Studio Solution File, Format Version 12.00
# Visual Studio 15
VisualStudioVersion = 15.0.27004.2005
MinimumVisualStudioVersion = 10.0.40219.1
Project("{FAE04EC0-301F-11D3-BF4B-00C04F79EFBC}") = "small_project_1", "small_project_1\small_project_1.csproj", "{056EDB46-7A45-4972-9F9D-D2575A47D81E}"
EndProject
Global
	GlobalSection(SolutionConfigurationPlatforms) = preSolution
		Debug|Any CPU = Debug|Any CPU
		Release|Any CPU = Release|Any CPU
	EndGlobalSection
	GlobalSection(ProjectConfigurationPlatforms) = postSolution
		{056EDB46-7A45-4972-9F9D-D2575A47D81E}.Debug|Any CPU.ActiveCfg = Debug|Any CPU
		{056EDB46-7A45-4972-9F9D-D2575A47D81E}.Debug|Any CPU.Build.0 = Debug|Any CPU
		{056EDB46-7A45-4972-9F9D-D2575A47D81E}.Release|Any CPU.ActiveCfg = Release|Any CPU
		{056EDB46-7A45-4972-9F9D-D2575A47D81E}.Release|Any CPU.Build.0 = Release|Any CPU
	EndGlobalSection
	GlobalSection(SolutionProperties) = preSolution
		HideSolutionNode = FALSE
	EndGlobalSection
	GlobalSection(ExtensibilityGlobals) = postSolution
		SolutionGuid = {83220057-A901-40A6-AD35-60A1AF77F11F}
	EndGlobalSection
EndGlobal
