
Microsoft Visual Studio Solution File, Format Version 12.00
# Visual Studio 15
VisualStudioVersion = 15.0.26730.16
MinimumVisualStudioVersion = 10.0.40219.1
Project("{FAE04EC0-301F-11D3-BF4B-00C04F79EFBC}") = "ConsoleLambdaExpression", "ConsoleLambdaExpression\ConsoleLambdaExpression.csproj", "{CBA4E21F-E85B-49D1-AE6A-488A7E8D38FA}"
EndProject
Global
	GlobalSection(SolutionConfigurationPlatforms) = preSolution
		Debug|Any CPU = Debug|Any CPU
		Release|Any CPU = Release|Any CPU
	EndGlobalSection
	GlobalSection(ProjectConfigurationPlatforms) = postSolution
		{CBA4E21F-E85B-49D1-AE6A-488A7E8D38FA}.Debug|Any CPU.ActiveCfg = Debug|Any CPU
		{CBA4E21F-E85B-49D1-AE6A-488A7E8D38FA}.Debug|Any CPU.Build.0 = Debug|Any CPU
		{CBA4E21F-E85B-49D1-AE6A-488A7E8D38FA}.Release|Any CPU.ActiveCfg = Release|Any CPU
		{CBA4E21F-E85B-49D1-AE6A-488A7E8D38FA}.Release|Any CPU.Build.0 = Release|Any CPU
	EndGlobalSection
	GlobalSection(SolutionProperties) = preSolution
		HideSolutionNode = FALSE
	EndGlobalSection
	GlobalSection(ExtensibilityGlobals) = postSolution
		SolutionGuid = {8669BD84-463E-4B2F-BA02-E26725A34C9A}
	EndGlobalSection
EndGlobal
