
Microsoft Visual Studio Solution File, Format Version 12.00
# Visual Studio 15
VisualStudioVersion = 15.0.26730.16
MinimumVisualStudioVersion = 10.0.40219.1
Project("{FAE04EC0-301F-11D3-BF4B-00C04F79EFBC}") = "ConsoleSignWithCertificate", "ConsoleSignWithCertificate\ConsoleSignWithCertificate.csproj", "{03455D60-6AFE-4F16-8107-24AA8F562A69}"
EndProject
Global
	GlobalSection(SolutionConfigurationPlatforms) = preSolution
		Debug|Any CPU = Debug|Any CPU
		Release|Any CPU = Release|Any CPU
	EndGlobalSection
	GlobalSection(ProjectConfigurationPlatforms) = postSolution
		{03455D60-6AFE-4F16-8107-24AA8F562A69}.Debug|Any CPU.ActiveCfg = Debug|Any CPU
		{03455D60-6AFE-4F16-8107-24AA8F562A69}.Debug|Any CPU.Build.0 = Debug|Any CPU
		{03455D60-6AFE-4F16-8107-24AA8F562A69}.Release|Any CPU.ActiveCfg = Release|Any CPU
		{03455D60-6AFE-4F16-8107-24AA8F562A69}.Release|Any CPU.Build.0 = Release|Any CPU
	EndGlobalSection
	GlobalSection(SolutionProperties) = preSolution
		HideSolutionNode = FALSE
	EndGlobalSection
	GlobalSection(ExtensibilityGlobals) = postSolution
		SolutionGuid = {324B1E49-970B-4ECD-AE69-646AA0D358A3}
	EndGlobalSection
EndGlobal
