
Microsoft Visual Studio Solution File, Format Version 12.00
# Visual Studio 15
VisualStudioVersion = 15.0.27004.2005
MinimumVisualStudioVersion = 10.0.40219.1
Project("{FAE04EC0-301F-11D3-BF4B-00C04F79EFBC}") = "function_3_m", "function_3_m\function_3_m.csproj", "{ADF9893F-C36C-40B2-92A3-3B18DB993E6D}"
EndProject
Global
	GlobalSection(SolutionConfigurationPlatforms) = preSolution
		Debug|Any CPU = Debug|Any CPU
		Release|Any CPU = Release|Any CPU
	EndGlobalSection
	GlobalSection(ProjectConfigurationPlatforms) = postSolution
		{ADF9893F-C36C-40B2-92A3-3B18DB993E6D}.Debug|Any CPU.ActiveCfg = Debug|Any CPU
		{ADF9893F-C36C-40B2-92A3-3B18DB993E6D}.Debug|Any CPU.Build.0 = Debug|Any CPU
		{ADF9893F-C36C-40B2-92A3-3B18DB993E6D}.Release|Any CPU.ActiveCfg = Release|Any CPU
		{ADF9893F-C36C-40B2-92A3-3B18DB993E6D}.Release|Any CPU.Build.0 = Release|Any CPU
	EndGlobalSection
	GlobalSection(SolutionProperties) = preSolution
		HideSolutionNode = FALSE
	EndGlobalSection
	GlobalSection(ExtensibilityGlobals) = postSolution
		SolutionGuid = {A02AB353-E989-4352-9C71-2F94C3C39848}
	EndGlobalSection
EndGlobal
